
Microsoft Visual Studio Solution File, Format Version 12.00
# Visual Studio Version 17
VisualStudioVersion = 17.9.34723.18
MinimumVisualStudioVersion = 10.0.40219.1
Project("{FAE04EC0-301F-11D3-BF4B-00C04F79EFBC}") = "WebApi", "WebApi\WebApi.csproj", "{74D9E89F-BC4B-4E2C-9486-283311B78EAC}"
EndProject
Project("{FAE04EC0-301F-11D3-BF4B-00C04F79EFBC}") = "Infrastructure", "Infrastructure\Infrastructure.csproj", "{5F533256-7AE1-4CFB-9015-47554212EB31}"
EndProject
Global
	GlobalSection(SolutionConfigurationPlatforms) = preSolution
		Debug|Any CPU = Debug|Any CPU
		Release|Any CPU = Release|Any CPU
	EndGlobalSection
	GlobalSection(ProjectConfigurationPlatforms) = postSolution
		{74D9E89F-BC4B-4E2C-9486-283311B78EAC}.Debug|Any CPU.ActiveCfg = Debug|Any CPU
		{74D9E89F-BC4B-4E2C-9486-283311B78EAC}.Debug|Any CPU.Build.0 = Debug|Any CPU
		{74D9E89F-BC4B-4E2C-9486-283311B78EAC}.Release|Any CPU.ActiveCfg = Release|Any CPU
		{74D9E89F-BC4B-4E2C-9486-283311B78EAC}.Release|Any CPU.Build.0 = Release|Any CPU
		{5F533256-7AE1-4CFB-9015-47554212EB31}.Debug|Any CPU.ActiveCfg = Debug|Any CPU
		{5F533256-7AE1-4CFB-9015-47554212EB31}.Debug|Any CPU.Build.0 = Debug|Any CPU
		{5F533256-7AE1-4CFB-9015-47554212EB31}.Release|Any CPU.ActiveCfg = Release|Any CPU
		{5F533256-7AE1-4CFB-9015-47554212EB31}.Release|Any CPU.Build.0 = Release|Any CPU
	EndGlobalSection
	GlobalSection(SolutionProperties) = preSolution
		HideSolutionNode = FALSE
	EndGlobalSection
	GlobalSection(ExtensibilityGlobals) = postSolution
		SolutionGuid = {87BF473B-C1AE-4CBE-8175-50727CF25169}
	EndGlobalSection
EndGlobal
